
Microsoft Visual Studio Solution File, Format Version 12.00
# Visual Studio 2013
VisualStudioVersion = 12.0.30723.0
MinimumVisualStudioVersion = 10.0.40219.1
Project("{FAE04EC0-301F-11D3-BF4B-00C04F79EFBC}") = "ProductSystem.Model", "ProductSystem.Model\ProductSystem.Model.csproj", "{9304F857-6ED8-471D-895C-087D9F4EEFC5}"
EndProject
Project("{FAE04EC0-301F-11D3-BF4B-00C04F79EFBC}") = "ProductSystem.Data", "ProductSystem.Data\ProductSystem.Data.csproj", "{39A7FD39-5099-47A4-9333-4032B017EBF3}"
EndProject
Project("{FAE04EC0-301F-11D3-BF4B-00C04F79EFBC}") = "ProductSystem.Web", "ProductSystem.Web\ProductSystem.Web.csproj", "{75C25842-E122-40AE-A4C9-F7991EB0280C}"
EndProject
Global
	GlobalSection(SolutionConfigurationPlatforms) = preSolution
		Debug|Any CPU = Debug|Any CPU
		Release|Any CPU = Release|Any CPU
	EndGlobalSection
	GlobalSection(ProjectConfigurationPlatforms) = postSolution
		{9304F857-6ED8-471D-895C-087D9F4EEFC5}.Debug|Any CPU.ActiveCfg = Debug|Any CPU
		{9304F857-6ED8-471D-895C-087D9F4EEFC5}.Debug|Any CPU.Build.0 = Debug|Any CPU
		{9304F857-6ED8-471D-895C-087D9F4EEFC5}.Release|Any CPU.ActiveCfg = Release|Any CPU
		{9304F857-6ED8-471D-895C-087D9F4EEFC5}.Release|Any CPU.Build.0 = Release|Any CPU
		{39A7FD39-5099-47A4-9333-4032B017EBF3}.Debug|Any CPU.ActiveCfg = Debug|Any CPU
		{39A7FD39-5099-47A4-9333-4032B017EBF3}.Debug|Any CPU.Build.0 = Debug|Any CPU
		{39A7FD39-5099-47A4-9333-4032B017EBF3}.Release|Any CPU.ActiveCfg = Release|Any CPU
		{39A7FD39-5099-47A4-9333-4032B017EBF3}.Release|Any CPU.Build.0 = Release|Any CPU
		{75C25842-E122-40AE-A4C9-F7991EB0280C}.Debug|Any CPU.ActiveCfg = Debug|Any CPU
		{75C25842-E122-40AE-A4C9-F7991EB0280C}.Debug|Any CPU.Build.0 = Debug|Any CPU
		{75C25842-E122-40AE-A4C9-F7991EB0280C}.Release|Any CPU.ActiveCfg = Release|Any CPU
		{75C25842-E122-40AE-A4C9-F7991EB0280C}.Release|Any CPU.Build.0 = Release|Any CPU
	EndGlobalSection
	GlobalSection(SolutionProperties) = preSolution
		HideSolutionNode = FALSE
	EndGlobalSection
EndGlobal
